PODS:
  - Kingfisher/Core (5.15.7)
  - Kingfisher/SwiftUI (5.15.7):
    - Kingfisher/Core

DEPENDENCIES:
  - Kingfisher/SwiftUI

SPEC REPOS:
  https://github.com/CocoaPods/Specs.git:
    - Kingfisher

SPEC CHECKSUMS:
  Kingfisher: 6e1a13523fcb1c86924ce53affe4ac957e544d59

PODFILE CHECKSUM: b7c78479d9ad8957c4bf9994a4edb93347923670

COCOAPODS: 1.9.3
